
Microsoft Visual Studio Solution File, Format Version 12.00
# Visual Studio 15
Project("{FAE04EC0-301F-11D3-BF4B-00C04F79EFBC}") = "Assembly-CSharp", "Assembly-CSharp.csproj", "{C562904B-4CBF-9929-4D6E-4ED1DC822D02}"
EndProject
Project("{FAE04EC0-301F-11D3-BF4B-00C04F79EFBC}") = "Assembly-CSharp-Editor", "Assembly-CSharp-Editor.csproj", "{7F0B821F-5257-97C5-4413-62FA3C68AD70}"
EndProject
Global
	GlobalSection(SolutionConfigurationPlatforms) = preSolution
		Debug|Any CPU = Debug|Any CPU
		Release|Any CPU = Release|Any CPU
	EndGlobalSection
	GlobalSection(ProjectConfigurationPlatforms) = postSolution
		{C562904B-4CBF-9929-4D6E-4ED1DC822D02}.Debug|Any CPU.ActiveCfg = Debug|Any CPU
		{C562904B-4CBF-9929-4D6E-4ED1DC822D02}.Debug|Any CPU.Build.0 = Debug|Any CPU
		{C562904B-4CBF-9929-4D6E-4ED1DC822D02}.Release|Any CPU.ActiveCfg = Release|Any CPU
		{C562904B-4CBF-9929-4D6E-4ED1DC822D02}.Release|Any CPU.Build.0 = Release|Any CPU
		{7F0B821F-5257-97C5-4413-62FA3C68AD70}.Debug|Any CPU.ActiveCfg = Debug|Any CPU
		{7F0B821F-5257-97C5-4413-62FA3C68AD70}.Debug|Any CPU.Build.0 = Debug|Any CPU
		{7F0B821F-5257-97C5-4413-62FA3C68AD70}.Release|Any CPU.ActiveCfg = Release|Any CPU
		{7F0B821F-5257-97C5-4413-62FA3C68AD70}.Release|Any CPU.Build.0 = Release|Any CPU
	EndGlobalSection
	GlobalSection(SolutionProperties) = preSolution
		HideSolutionNode = FALSE
	EndGlobalSection
EndGlobal
